# This file was autogenerated by Stack.
# You should not edit this file by hand.
# For more information, please see the documentation at:
#   https://docs.haskellstack.org/en/stable/lock_files

packages:
- completed:
    hackage: haskell-gi-base-0.24.4@sha256:436539663b9ed5b5f8228cb0a702e270207c649b0320bc44b440046d3b608e74,2435
    pantry-tree:
      size: 1937
      sha256: 76f7ff59ce0be278e635dd6698c495a12def5801047f7c2cd904cfb080e42951
  original:
    hackage: haskell-gi-base-0.24.4
- completed:
    hackage: haskell-gi-0.24.5@sha256:a7a29f3bd532c3a36c64d5c0b6d7cc0ab990ace22029e4a3b1daae3f545d5989,5241
    pantry-tree:
      size: 4348
      sha256: 4d8864a46675e648638091f1f443bfd828a0fb8b3527db3335821006866575cd
  original:
    hackage: haskell-gi-0.24.5
- completed:
    hackage: gi-glib-2.0.24@sha256:46726f0fb6b0ef0d6f6620d53025a9ca2a5bc273ab65496b368df7bc3dbe6d83,9558
    pantry-tree:
      size: 358
      sha256: b51e43df984a63058ca529a99875a3c42a37827cf11694542abf77586cf28532
  original:
    hackage: gi-glib-2.0.24
- completed:
    hackage: gi-pango-1.0.23@sha256:160443e93def8aa95e66fe1de40d51bb12ee922f7cafe6e33d6009f5490c66c5,8233
    pantry-tree:
      size: 360
      sha256: fc5b1f6835549f148284950ab540df9d9f4d7a75df958b5de5e4c01d922dcb37
  original:
    hackage: gi-pango-1.0.23
- completed:
    hackage: gi-harfbuzz-0.0.3@sha256:0550f498854b7edac66b1a09f283e5b5c86033aff58b4ac30b024ae59e1bd866,5869
    pantry-tree:
      size: 364
      sha256: f33e284484ab7520bb115508fe1ddae5585e42aa292c97f4f6abb2e7ec3d60eb
  original:
    hackage: gi-harfbuzz-0.0.3
- completed:
    hackage: gi-gtk-3.0.36@sha256:ed4525766763f290aa03ae19e41a31c429a8d381729d4869e7c44e551351df6a,39016
    pantry-tree:
      size: 359
      sha256: cd1718b99526699f158dce646c2c20cf51eedca7f78c33f8d6290e2ba46ccbb4
  original:
    hackage: gi-gtk-3.0.36
- completed:
    hackage: gi-gobject-2.0.24@sha256:d008c0a517fd56dad010f0fd307ed476521bef72b17910cf345f1437014ee74d,9349
    pantry-tree:
      size: 364
      sha256: edc001273e0a01b8956ddd5a8a8e007459d916b922125f35b649951213ece629
  original:
    hackage: gi-gobject-2.0.24
- completed:
    hackage: gi-gtk-declarative-0.6.3@sha256:8db2e8a9fa20673406e4500e5040d4384eb76e362d45ffe69116575ae03ff1e3,4411
    pantry-tree:
      size: 2393
      sha256: 5871aca72517a320f9ab3b7b122daa156dc18467a1b9d65fd2b2c45ec675ed09
  original:
    hackage: gi-gtk-declarative-0.6.3
- completed:
    hackage: gi-gtk-declarative-app-simple-0.6.3@sha256:2b201371acd292ef8d980be02809787293f7c30e505c84910b57e307af999cc9,1818
    pantry-tree:
      size: 257
      sha256: a0d8f5953711f24c26237be319ddd4107e00291c117e038bd693faeffbb032f7
  original:
    hackage: gi-gtk-declarative-app-simple-0.6.3
- completed:
    hackage: network-simple-ws-0.1@sha256:295250c75a7ddd493c9b13412ae00d6275f31a462c9376c92ea7eb94f9f8a36c,801
    pantry-tree:
      size: 325
      sha256: fa4ad224f6bf327d7f1e75ec90a8199f5e0a569abbea465310e3cbad3fa76395
  original:
    hackage: network-simple-ws-0.1
snapshots:
- completed:
    size: 563103
    url: https://raw.githubusercontent.com/commercialhaskell/stackage-snapshots/master/lts/17/4.yaml
    sha256: f11e2153044f5f71ea7b1c9398f4721f517c9bd37642ed769647b896564021f3
  original:
    url: https://raw.githubusercontent.com/commercialhaskell/stackage-snapshots/master/lts/17/4.yaml
