# This file was autogenerated by Stack.
# You should not edit this file by hand.
# For more information, please see the documentation at:
#   https://docs.haskellstack.org/en/stable/lock_files

packages:
- completed:
    hackage: gi-gtk-declarative-0.7.0@sha256:7e6318ad162a97dc19af79499eb7bbb72022aa4ac3368e8a20fa199a7e8db2c6,4417
    pantry-tree:
      size: 2393
      sha256: eba1ca9b183eabe6f6b3ab2be9250428c97d2982d303f7abc0a431e5eaada73f
  original:
    hackage: gi-gtk-declarative-0.7.0
- completed:
    hackage: gi-gtk-declarative-app-simple-0.7.0@sha256:bc14f7cee5b933ce448f7ff5af13bd2cf63c657426003a8b41457556997ac39f,2276
    pantry-tree:
      size: 310
      sha256: 06ceda071cbb81f20e41a3ac1d7291d63b040aacce428817c31a6aea8ca94c2d
  original:
    hackage: gi-gtk-declarative-app-simple-0.7.0
snapshots:
- completed:
    size: 563103
    url: https://raw.githubusercontent.com/commercialhaskell/stackage-snapshots/master/lts/17/4.yaml
    sha256: f11e2153044f5f71ea7b1c9398f4721f517c9bd37642ed769647b896564021f3
  original:
    url: https://raw.githubusercontent.com/commercialhaskell/stackage-snapshots/master/lts/17/4.yaml
